<?xml version="1.0" encoding="utf-8"?>
<Project ToolsVersion="4.0" xmlns="http://schemas.microsoft.com/developer/msbuild/2003">
  <ItemGroup>
    <ClInclude Include="..\..\..\src\ngine.h" />
    <ClInclude Include="..\..\..\src\Core\BaseEntity.h">
      <Filter>Core</Filter>
    </ClInclude>
    <ClInclude Include="..\..\..\src\Core\Component.h">
      <Filter>Core</Filter>
    </ClInclude>
    <ClInclude Include="..\..\..\src\Core\EntityContainer.h">
      <Filter>Core</Filter>
    </ClInclude>
    <ClInclude Include="..\..\..\src\Graphics\Drawing.h">
      <Filter>Graphics</Filter>
    </ClInclude>
    <ClInclude Include="..\..\..\src\Core\Game.h">
      <Filter>Core</Filter>
    </ClInclude>
    <ClInclude Include="..\..\..\src\Input\Mouse.h">
      <Filter>Input</Filter>
    </ClInclude>
    <ClInclude Include="..\..\..\src\Core\EventHandler.h">
      <Filter>Core</Filter>
    </ClInclude>
    <ClInclude Include="..\..\..\src\Core\WindowManager.h">
      <Filter>Core</Filter>
    </ClInclude>
    <ClInclude Include="..\..\..\src\Input\Keyboard.h">
      <Filter>Input</Filter>
    </ClInclude>
    <ClInclude Include="..\..\..\src\Input\Gamepad.h">
      <Filter>Input</Filter>
    </ClInclude>
    <ClInclude Include="..\..\..\src\Core\Scene.h">
      <Filter>Core</Filter>
    </ClInclude>
    <ClInclude Include="..\..\..\src\Components\CameraComponent.h">
      <Filter>Components</Filter>
    </ClInclude>
    <ClInclude Include="..\..\..\src\Components\BaseCollisionShapeComponent.h">
      <Filter>Components</Filter>
    </ClInclude>
    <ClInclude Include="..\..\..\src\Components\BoundingBoxCollisionShapeComponent.h">
      <Filter>Components</Filter>
    </ClInclude>
    <ClInclude Include="..\..\..\src\Components\CircleCollisionShapeComponent.h">
      <Filter>Components</Filter>
    </ClInclude>
    <ClInclude Include="..\..\..\src\Components\PolygonCollisionShapeComponent.h">
      <Filter>Components</Filter>
    </ClInclude>
    <ClInclude Include="..\..\..\src\Graphics\Sprite.h">
      <Filter>Graphics</Filter>
    </ClInclude>
    <ClInclude Include="..\..\..\src\Graphics\GraphicsManager.h">
      <Filter>Graphics</Filter>
    </ClInclude>
    <ClInclude Include="..\..\..\src\Components\SpriteComponent.h">
      <Filter>Components</Filter>
    </ClInclude>
    <ClInclude Include="..\..\..\src\Core\Resources.h">
      <Filter>Core</Filter>
    </ClInclude>
    <ClInclude Include="..\..\..\src\Audio\AudioManager.h">
      <Filter>Audio</Filter>
    </ClInclude>
    <ClInclude Include="..\..\..\src\Audio\Sound.h">
      <Filter>Audio</Filter>
    </ClInclude>
    <ClInclude Include="..\..\..\src\Math\Matrix.h">
      <Filter>Math</Filter>
    </ClInclude>
    <ClInclude Include="..\..\..\src\Math\Rectangle.h">
      <Filter>Math</Filter>
    </ClInclude>
    <ClInclude Include="..\..\..\src\Math\Vector2.h">
      <Filter>Math</Filter>
    </ClInclude>
    <ClInclude Include="..\..\..\src\Math\Vector3.h">
      <Filter>Math</Filter>
    </ClInclude>
    <ClInclude Include="..\..\..\src\Physics\BoundingBox.h">
      <Filter>Physics</Filter>
    </ClInclude>
    <ClInclude Include="..\..\..\src\Physics\Circle.h">
      <Filter>Physics</Filter>
    </ClInclude>
    <ClInclude Include="..\..\..\src\Physics\CollisionShape.h">
      <Filter>Physics</Filter>
    </ClInclude>
    <ClInclude Include="..\..\..\src\Physics\Polygon.h">
      <Filter>Physics</Filter>
    </ClInclude>
    <ClInclude Include="..\..\..\src\Graphics\Color.h">
      <Filter>Graphics</Filter>
    </ClInclude>
    <ClInclude Include="..\..\..\src\Graphics\Font.h">
      <Filter>Graphics</Filter>
    </ClInclude>
    <ClInclude Include="..\..\..\src\Graphics\RenderTarget.h">
      <Filter>Graphics</Filter>
    </ClInclude>
    <ClInclude Include="..\..\..\src\Graphics\Texture2D.h">
      <Filter>Graphics</Filter>
    </ClInclude>
    <ClInclude Include="..\..\..\src\Graphics\Camera.h">
      <Filter>Graphics</Filter>
    </ClInclude>
    <ClInclude Include="..\..\..\src\EventArgs.h" />
  </ItemGroup>
  <ItemGroup>
    <Filter Include="Core">
      <UniqueIdentifier>{7552e4b6-a8b5-40b3-bf49-792ffcc09afe}</UniqueIdentifier>
    </Filter>
    <Filter Include="Graphics">
      <UniqueIdentifier>{41fe10a2-f5d3-4cb8-812d-8d1a1eeea1fd}</UniqueIdentifier>
    </Filter>
    <Filter Include="Input">
      <UniqueIdentifier>{98a34e03-3741-401e-9deb-585ad46c428e}</UniqueIdentifier>
    </Filter>
    <Filter Include="Components">
      <UniqueIdentifier>{4a544684-0538-4181-82a1-b4d834787c68}</UniqueIdentifier>
    </Filter>
    <Filter Include="Audio">
      <UniqueIdentifier>{0dacf679-fc7b-4129-bfce-e77024828897}</UniqueIdentifier>
    </Filter>
    <Filter Include="Math">
      <UniqueIdentifier>{1eee6efe-b4d3-45db-8567-0cc68db1b933}</UniqueIdentifier>
    </Filter>
    <Filter Include="Physics">
      <UniqueIdentifier>{180ba8d2-abdc-4fbf-9774-574190caccb2}</UniqueIdentifier>
    </Filter>
  </ItemGroup>
  <ItemGroup>
    <ClCompile Include="..\..\..\src\Core\BaseEntity.cpp">
      <Filter>Core</Filter>
    </ClCompile>
    <ClCompile Include="..\..\..\src\Core\EntityContainer.cpp">
      <Filter>Core</Filter>
    </ClCompile>
    <ClCompile Include="..\..\..\src\Core\Component.cpp">
      <Filter>Core</Filter>
    </ClCompile>
    <ClCompile Include="..\..\..\src\Graphics\Drawing.cpp">
      <Filter>Graphics</Filter>
    </ClCompile>
    <ClCompile Include="..\..\..\src\Core\Game.cpp">
      <Filter>Core</Filter>
    </ClCompile>
    <ClCompile Include="..\..\..\src\Input\Mouse.cpp">
      <Filter>Input</Filter>
    </ClCompile>
    <ClCompile Include="..\..\..\src\Core\WindowManager.cpp">
      <Filter>Core</Filter>
    </ClCompile>
    <ClCompile Include="..\..\..\src\Input\Keyboard.cpp">
      <Filter>Input</Filter>
    </ClCompile>
    <ClCompile Include="..\..\..\src\Input\Gamepad.cpp">
      <Filter>Input</Filter>
    </ClCompile>
    <ClCompile Include="..\..\..\src\Core\Scene.cpp">
      <Filter>Core</Filter>
    </ClCompile>
    <ClCompile Include="..\..\..\src\Components\CameraComponent.cpp">
      <Filter>Components</Filter>
    </ClCompile>
    <ClCompile Include="..\..\..\src\ngine.cpp" />
    <ClCompile Include="..\..\..\src\Graphics\GraphicsManager.cpp">
      <Filter>Graphics</Filter>
    </ClCompile>
    <ClCompile Include="..\..\..\src\Graphics\Sprite.cpp">
      <Filter>Graphics</Filter>
    </ClCompile>
    <ClCompile Include="..\..\..\src\Core\Resources.cpp">
      <Filter>Core</Filter>
    </ClCompile>
    <ClCompile Include="..\..\..\src\Audio\AudioManager.cpp">
      <Filter>Audio</Filter>
    </ClCompile>
    <ClCompile Include="..\..\..\src\Math\Matrix.cpp">
      <Filter>Math</Filter>
    </ClCompile>
    <ClCompile Include="..\..\..\src\Math\Vector2.cpp">
      <Filter>Math</Filter>
    </ClCompile>
    <ClCompile Include="..\..\..\src\Physics\BoundingBox.cpp">
      <Filter>Physics</Filter>
    </ClCompile>
    <ClCompile Include="..\..\..\src\Physics\Circle.cpp">
      <Filter>Physics</Filter>
    </ClCompile>
    <ClCompile Include="..\..\..\src\Physics\Polygon.cpp">
      <Filter>Physics</Filter>
    </ClCompile>
    <ClCompile Include="..\..\..\src\Graphics\Color.cpp">
      <Filter>Graphics</Filter>
    </ClCompile>
    <ClCompile Include="..\..\..\src\Graphics\Font.cpp">
      <Filter>Graphics</Filter>
    </ClCompile>
    <ClCompile Include="..\..\..\src\Graphics\RenderTarget.cpp">
      <Filter>Graphics</Filter>
    </ClCompile>
    <ClCompile Include="..\..\..\src\Graphics\Texture2D.cpp">
      <Filter>Graphics</Filter>
    </ClCompile>
    <ClCompile Include="..\..\..\src\Graphics\Camera.cpp">
      <Filter>Graphics</Filter>
    </ClCompile>
    <ClCompile Include="..\..\..\src\Math\Rectangle.cpp">
      <Filter>Math</Filter>
    </ClCompile>
  </ItemGroup>
</Project>