<?xml version="1.0" encoding="utf-8"?>
<Project ToolsVersion="4.0" xmlns="http://schemas.microsoft.com/developer/msbuild/2003">
  <ItemGroup>
    <ClInclude Include="..\..\..\src\ngine.h" />
    <ClInclude Include="..\..\..\src\config.h" />
    <ClInclude Include="..\..\..\src\Core\BaseEntity.h">
      <Filter>Core</Filter>
    </ClInclude>
    <ClInclude Include="..\..\..\src\Core\Component.h">
      <Filter>Core</Filter>
    </ClInclude>
    <ClInclude Include="..\..\..\src\Core\EntityContainer.h">
      <Filter>Core</Filter>
    </ClInclude>
    <ClInclude Include="..\..\..\src\Types\Vector2.h">
      <Filter>Types</Filter>
    </ClInclude>
    <ClInclude Include="..\..\..\src\Core\Entity2D.h">
      <Filter>Core</Filter>
    </ClInclude>
    <ClInclude Include="..\..\..\src\Graphics\Drawing.h">
      <Filter>Graphics</Filter>
    </ClInclude>
    <ClInclude Include="..\..\..\src\Types\Camera2D.h">
      <Filter>Types</Filter>
    </ClInclude>
    <ClInclude Include="..\..\..\src\Types\Color.h">
      <Filter>Types</Filter>
    </ClInclude>
    <ClInclude Include="..\..\..\src\Core\BaseScene.h">
      <Filter>Core</Filter>
    </ClInclude>
    <ClInclude Include="..\..\..\src\Core\Scene2D.h">
      <Filter>Core</Filter>
    </ClInclude>
    <ClInclude Include="..\..\..\src\Core\Game.h">
      <Filter>Core</Filter>
    </ClInclude>
    <ClInclude Include="..\..\..\src\Types\Rectangle.h">
      <Filter>Types</Filter>
    </ClInclude>
    <ClInclude Include="..\..\..\src\Types\Font.h">
      <Filter>Types</Filter>
    </ClInclude>
    <ClInclude Include="..\..\..\src\Types\Texture2D.h">
      <Filter>Types</Filter>
    </ClInclude>
    <ClInclude Include="..\..\..\src\Input\Mouse.h">
      <Filter>Input</Filter>
    </ClInclude>
    <ClInclude Include="..\..\..\src\Core\EventHandler.h">
      <Filter>Core</Filter>
    </ClInclude>
    <ClInclude Include="..\..\..\src\Types\EventArgs.h">
      <Filter>Types</Filter>
    </ClInclude>
    <ClInclude Include="..\..\..\src\Types\Enums.h">
      <Filter>Types</Filter>
    </ClInclude>
    <ClInclude Include="..\..\..\src\Types\RenderTarget.h">
      <Filter>Types</Filter>
    </ClInclude>
    <ClInclude Include="..\..\..\src\Core\WindowManager.h">
      <Filter>Core</Filter>
    </ClInclude>
    <ClInclude Include="..\..\..\src\Input\Keyboard.h">
      <Filter>Input</Filter>
    </ClInclude>
    <ClInclude Include="..\..\..\src\Input\Gamepad.h">
      <Filter>Input</Filter>
    </ClInclude>
    <ClInclude Include="..\..\..\src\Types\BoundingBox2D.h">
      <Filter>Types</Filter>
    </ClInclude>
    <ClInclude Include="..\..\..\src\Types\Matrix.h">
      <Filter>Types</Filter>
    </ClInclude>
    <ClInclude Include="..\..\..\src\Types\Vector3.h">
      <Filter>Types</Filter>
    </ClInclude>
    <ClInclude Include="..\..\..\src\Types\CollisionShape.h">
      <Filter>Types</Filter>
    </ClInclude>
    <ClInclude Include="..\..\..\src\Types\Circle.h">
      <Filter>Types</Filter>
    </ClInclude>
  </ItemGroup>
  <ItemGroup>
    <Filter Include="Core">
      <UniqueIdentifier>{7552e4b6-a8b5-40b3-bf49-792ffcc09afe}</UniqueIdentifier>
    </Filter>
    <Filter Include="Types">
      <UniqueIdentifier>{99afab7a-ed35-4b56-8760-4dfbc603f691}</UniqueIdentifier>
    </Filter>
    <Filter Include="Graphics">
      <UniqueIdentifier>{41fe10a2-f5d3-4cb8-812d-8d1a1eeea1fd}</UniqueIdentifier>
    </Filter>
    <Filter Include="Input">
      <UniqueIdentifier>{98a34e03-3741-401e-9deb-585ad46c428e}</UniqueIdentifier>
    </Filter>
  </ItemGroup>
  <ItemGroup>
    <ClCompile Include="..\..\..\src\Core\BaseEntity.cpp">
      <Filter>Core</Filter>
    </ClCompile>
    <ClCompile Include="..\..\..\src\Core\EntityContainer.cpp">
      <Filter>Core</Filter>
    </ClCompile>
    <ClCompile Include="..\..\..\src\Core\Component.cpp">
      <Filter>Core</Filter>
    </ClCompile>
    <ClCompile Include="..\..\..\src\Core\Entity2D.cpp">
      <Filter>Core</Filter>
    </ClCompile>
    <ClCompile Include="..\..\..\src\Graphics\Drawing.cpp">
      <Filter>Graphics</Filter>
    </ClCompile>
    <ClCompile Include="..\..\..\src\Core\BaseScene.cpp">
      <Filter>Core</Filter>
    </ClCompile>
    <ClCompile Include="..\..\..\src\Core\Scene2D.cpp">
      <Filter>Core</Filter>
    </ClCompile>
    <ClCompile Include="..\..\..\src\Core\Game.cpp">
      <Filter>Core</Filter>
    </ClCompile>
    <ClCompile Include="..\..\..\src\Types\Font.cpp">
      <Filter>Types</Filter>
    </ClCompile>
    <ClCompile Include="..\..\..\src\Types\Color.cpp">
      <Filter>Types</Filter>
    </ClCompile>
    <ClCompile Include="..\..\..\src\Types\Texture2D.cpp">
      <Filter>Types</Filter>
    </ClCompile>
    <ClCompile Include="..\..\..\src\Input\Mouse.cpp">
      <Filter>Input</Filter>
    </ClCompile>
    <ClCompile Include="..\..\..\src\Types\Camera2D.cpp">
      <Filter>Types</Filter>
    </ClCompile>
    <ClCompile Include="..\..\..\src\Types\RenderTarget.cpp">
      <Filter>Types</Filter>
    </ClCompile>
    <ClCompile Include="..\..\..\src\Core\WindowManager.cpp">
      <Filter>Core</Filter>
    </ClCompile>
    <ClCompile Include="..\..\..\src\Input\Keyboard.cpp">
      <Filter>Input</Filter>
    </ClCompile>
    <ClCompile Include="..\..\..\src\Input\Gamepad.cpp">
      <Filter>Input</Filter>
    </ClCompile>
    <ClCompile Include="..\..\..\src\Types\Matrix.cpp">
      <Filter>Types</Filter>
    </ClCompile>
    <ClCompile Include="..\..\..\src\Types\BoundingBox2D.cpp">
      <Filter>Types</Filter>
    </ClCompile>
    <ClCompile Include="..\..\..\src\Types\Circle.cpp">
      <Filter>Types</Filter>
    </ClCompile>
    <ClCompile Include="..\..\..\src\Types\Vector2.cpp">
      <Filter>Types</Filter>
    </ClCompile>
  </ItemGroup>
</Project>