
Microsoft Visual Studio Solution File, Format Version 12.00
# Visual Studio 15
VisualStudioVersion = 15.0.28307.572
MinimumVisualStudioVersion = 10.0.40219.1
Project("{8BC9CEB8-8B4A-11D0-8D11-00A0C91BC942}") = "Ngine", "Ngine\Ngine.vcxproj", "{638E880B-9B5C-4248-B53E-46DDFA6BFDF7}"
EndProject
Project("{8BC9CEB8-8B4A-11D0-8D11-00A0C91BC942}") = "raylib", "raylib\raylib.vcxproj", "{F1CB961A-30AC-41A4-8766-4288F59D619D}"
EndProject
Project("{8BC9CEB8-8B4A-11D0-8D11-00A0C91BC942}") = "Ngine.Example", "Ngine.Example\Ngine.Example.vcxproj", "{E92DB6DC-8F81-4A12-AB26-25AB6347A0D5}"
EndProject
Project("{2150E333-8FDC-42A3-9474-1A3956D46DE8}") = "3rd Party", "3rd Party", "{28F3DE2B-9A40-4F41-9E85-1FA43603D838}"
EndProject
Global
	GlobalSection(SolutionConfigurationPlatforms) = preSolution
		Debug|x64 = Debug|x64
		Debug|x86 = Debug|x86
		Release|x64 = Release|x64
		Release|x86 = Release|x86
	EndGlobalSection
	GlobalSection(ProjectConfigurationPlatforms) = postSolution
		{638E880B-9B5C-4248-B53E-46DDFA6BFDF7}.Debug|x64.ActiveCfg = Debug|x64
		{638E880B-9B5C-4248-B53E-46DDFA6BFDF7}.Debug|x64.Build.0 = Debug|x64
		{638E880B-9B5C-4248-B53E-46DDFA6BFDF7}.Debug|x86.ActiveCfg = Debug|Win32
		{638E880B-9B5C-4248-B53E-46DDFA6BFDF7}.Debug|x86.Build.0 = Debug|Win32
		{638E880B-9B5C-4248-B53E-46DDFA6BFDF7}.Release|x64.ActiveCfg = Release|x64
		{638E880B-9B5C-4248-B53E-46DDFA6BFDF7}.Release|x64.Build.0 = Release|x64
		{638E880B-9B5C-4248-B53E-46DDFA6BFDF7}.Release|x86.ActiveCfg = Release|Win32
		{638E880B-9B5C-4248-B53E-46DDFA6BFDF7}.Release|x86.Build.0 = Release|Win32
		{F1CB961A-30AC-41A4-8766-4288F59D619D}.Debug|x64.ActiveCfg = Debug|x64
		{F1CB961A-30AC-41A4-8766-4288F59D619D}.Debug|x64.Build.0 = Debug|x64
		{F1CB961A-30AC-41A4-8766-4288F59D619D}.Debug|x86.ActiveCfg = Debug|Win32
		{F1CB961A-30AC-41A4-8766-4288F59D619D}.Debug|x86.Build.0 = Debug|Win32
		{F1CB961A-30AC-41A4-8766-4288F59D619D}.Release|x64.ActiveCfg = Release|x64
		{F1CB961A-30AC-41A4-8766-4288F59D619D}.Release|x64.Build.0 = Release|x64
		{F1CB961A-30AC-41A4-8766-4288F59D619D}.Release|x86.ActiveCfg = Release|Win32
		{F1CB961A-30AC-41A4-8766-4288F59D619D}.Release|x86.Build.0 = Release|Win32
		{E92DB6DC-8F81-4A12-AB26-25AB6347A0D5}.Debug|x64.ActiveCfg = Debug|x64
		{E92DB6DC-8F81-4A12-AB26-25AB6347A0D5}.Debug|x64.Build.0 = Debug|x64
		{E92DB6DC-8F81-4A12-AB26-25AB6347A0D5}.Debug|x86.ActiveCfg = Debug|Win32
		{E92DB6DC-8F81-4A12-AB26-25AB6347A0D5}.Debug|x86.Build.0 = Debug|Win32
		{E92DB6DC-8F81-4A12-AB26-25AB6347A0D5}.Release|x64.ActiveCfg = Release|x64
		{E92DB6DC-8F81-4A12-AB26-25AB6347A0D5}.Release|x64.Build.0 = Release|x64
		{E92DB6DC-8F81-4A12-AB26-25AB6347A0D5}.Release|x86.ActiveCfg = Release|Win32
		{E92DB6DC-8F81-4A12-AB26-25AB6347A0D5}.Release|x86.Build.0 = Release|Win32
	EndGlobalSection
	GlobalSection(SolutionProperties) = preSolution
		HideSolutionNode = FALSE
	EndGlobalSection
	GlobalSection(NestedProjects) = preSolution
		{F1CB961A-30AC-41A4-8766-4288F59D619D} = {28F3DE2B-9A40-4F41-9E85-1FA43603D838}
	EndGlobalSection
	GlobalSection(ExtensibilityGlobals) = postSolution
		SolutionGuid = {83DC1D65-193B-4D69-929E-72A1DF4C90BA}
	EndGlobalSection
EndGlobal
